
Microsoft Visual Studio Solution File, Format Version 12.00
# Visual Studio Version 16
VisualStudioVersion = 25.0.1706.0
MinimumVisualStudioVersion = 10.0.40219.1
Project("{FAE04EC0-301F-11D3-BF4B-00C04F79EFBC}") = "Pyramid", "Pyramid\Pyramid.csproj", "{1C71D8AA-F367-42ED-90BA-81B5798F43A5}"
EndProject
Global
	GlobalSection(SolutionConfigurationPlatforms) = preSolution
		Debug|Any CPU = Debug|Any CPU
		Release|Any CPU = Release|Any CPU
	EndGlobalSection
	GlobalSection(ProjectConfigurationPlatforms) = postSolution
		{1C71D8AA-F367-42ED-90BA-81B5798F43A5}.Debug|Any CPU.ActiveCfg = Debug|Any CPU
		{1C71D8AA-F367-42ED-90BA-81B5798F43A5}.Debug|Any CPU.Build.0 = Debug|Any CPU
		{1C71D8AA-F367-42ED-90BA-81B5798F43A5}.Release|Any CPU.ActiveCfg = Release|Any CPU
		{1C71D8AA-F367-42ED-90BA-81B5798F43A5}.Release|Any CPU.Build.0 = Release|Any CPU
	EndGlobalSection
	GlobalSection(SolutionProperties) = preSolution
		HideSolutionNode = FALSE
	EndGlobalSection
	GlobalSection(ExtensibilityGlobals) = postSolution
		SolutionGuid = {B1DAF4AB-57D1-4414-B5AC-BBF85670E112}
	EndGlobalSection
EndGlobal
